// !$*UTF8*$!
{
	archiveVersion = 1;
	classes = {
	};
	objectVersion = 56;
	objects = {

/* Begin PBXBuildFile section */
		A10000000000000000000001 /* WhatsAppTranslatorApp.swift in Sources */ = {isa = PBXBuildFile; fileRef = A10000000000000000000011 /* WhatsAppTranslatorApp.swift */; };
		A10000000000000000000002 /* DiagnosticsView.swift in Sources */ = {isa = PBXBuildFile; fileRef = A10000000000000000000012 /* DiagnosticsView.swift */; };
		A10000000000000000000003 /* WhatsAppWebProbeView.swift in Sources */ = {isa = PBXBuildFile; fileRef = A10000000000000000000013 /* WhatsAppWebProbeView.swift */; };
		A10000000000000000000004 /* WhatsAppBridgeSupport.swift in Sources */ = {isa = PBXBuildFile; fileRef = A10000000000000000000014 /* WhatsAppBridgeSupport.swift */; };
		A10000000000000000000005 /* TranslationCore.swift in Sources */ = {isa = PBXBuildFile; fileRef = A10000000000000000000015 /* TranslationCore.swift */; };
		A10000000000000000000006 /* WhatsAppTransportCore.swift in Sources */ = {isa = PBXBuildFile; fileRef = A10000000000000000000016 /* WhatsAppTransportCore.swift */; };
		A10000000000000000000007 /* WhatsAppDomain.swift in Sources */ = {isa = PBXBuildFile; fileRef = A10000000000000000000017 /* WhatsAppDomain.swift */; };
		A10000000000000000000008 /* WhatsAppTransportDomainMapper.swift in Sources */ = {isa = PBXBuildFile; fileRef = A10000000000000000000018 /* WhatsAppTransportDomainMapper.swift */; };
		A10000000000000000000009 /* WhatsAppWebTransportCore.swift in Sources */ = {isa = PBXBuildFile; fileRef = A10000000000000000000019 /* WhatsAppWebTransportCore.swift */; };
		A1000000000000000000000A /* WhatsAppWebKitBridgeRuntime.swift in Sources */ = {isa = PBXBuildFile; fileRef = A1000000000000000000001A /* WhatsAppWebKitBridgeRuntime.swift */; };
		A1000000000000000000000B /* WhatsAppBridge.js in Resources */ = {isa = PBXBuildFile; fileRef = A1000000000000000000001B /* WhatsAppBridge.js */; };
		A1000000000000000000000C /* SQLitePersistence.swift in Sources */ = {isa = PBXBuildFile; fileRef = A1000000000000000000001C /* SQLitePersistence.swift */; };
		A1000000000000000000000D /* SQLiteContextPersistence.swift in Sources */ = {isa = PBXBuildFile; fileRef = A1000000000000000000001D /* SQLiteContextPersistence.swift */; };
		A1000000000000000000000E /* TranslationEngineCore.swift in Sources */ = {isa = PBXBuildFile; fileRef = A1000000000000000000001E /* TranslationEngineCore.swift */; };
/* End PBXBuildFile section */

/* Begin PBXFileReference section */
		A10000000000000000000010 /* WhatsAppTranslator.app */ = {isa = PBXFileReference; explicitFileType = wrapper.application; includeInIndex = 0; path = WhatsAppTranslator.app; sourceTree = BUILT_PRODUCTS_DIR; };
		A10000000000000000000011 /* WhatsAppTranslatorApp.swift */ = {isa = PBXFileReference; lastKnownFileType = sourcecode.swift; path = WhatsAppTranslatorApp.swift; sourceTree = "<group>"; };
		A10000000000000000000012 /* DiagnosticsView.swift */ = {isa = PBXFileReference; lastKnownFileType = sourcecode.swift; path = DiagnosticsView.swift; sourceTree = "<group>"; };
		A10000000000000000000013 /* WhatsAppWebProbeView.swift */ = {isa = PBXFileReference; lastKnownFileType = sourcecode.swift; path = WhatsAppWebProbeView.swift; sourceTree = "<group>"; };
		A10000000000000000000014 /* WhatsAppBridgeSupport.swift */ = {isa = PBXFileReference; lastKnownFileType = sourcecode.swift; path = WhatsAppBridgeSupport.swift; sourceTree = "<group>"; };
		A10000000000000000000015 /* TranslationCore.swift */ = {isa = PBXFileReference; lastKnownFileType = sourcecode.swift; path = TranslationCore.swift; sourceTree = "<group>"; };
		A10000000000000000000016 /* WhatsAppTransportCore.swift */ = {isa = PBXFileReference; lastKnownFileType = sourcecode.swift; path = WhatsAppTransportCore.swift; sourceTree = "<group>"; };
		A10000000000000000000017 /* WhatsAppDomain.swift */ = {isa = PBXFileReference; lastKnownFileType = sourcecode.swift; path = WhatsAppDomain.swift; sourceTree = "<group>"; };
		A10000000000000000000018 /* WhatsAppTransportDomainMapper.swift */ = {isa = PBXFileReference; lastKnownFileType = sourcecode.swift; path = WhatsAppTransportDomainMapper.swift; sourceTree = "<group>"; };
		A10000000000000000000019 /* WhatsAppWebTransportCore.swift */ = {isa = PBXFileReference; lastKnownFileType = sourcecode.swift; path = WhatsAppWebTransportCore.swift; sourceTree = "<group>"; };
		A1000000000000000000001A /* WhatsAppWebKitBridgeRuntime.swift */ = {isa = PBXFileReference; lastKnownFileType = sourcecode.swift; path = WhatsAppWebKitBridgeRuntime.swift; sourceTree = "<group>"; };
		A1000000000000000000001B /* WhatsAppBridge.js */ = {isa = PBXFileReference; lastKnownFileType = sourcecode.javascript; path = WhatsAppBridge.js; sourceTree = "<group>"; };
		A1000000000000000000001C /* SQLitePersistence.swift */ = {isa = PBXFileReference; lastKnownFileType = sourcecode.swift; path = SQLitePersistence.swift; sourceTree = "<group>"; };
		A1000000000000000000001D /* SQLiteContextPersistence.swift */ = {isa = PBXFileReference; lastKnownFileType = sourcecode.swift; path = SQLiteContextPersistence.swift; sourceTree = "<group>"; };
		A1000000000000000000001E /* TranslationEngineCore.swift */ = {isa = PBXFileReference; lastKnownFileType = sourcecode.swift; path = TranslationEngineCore.swift; sourceTree = "<group>"; };
/* End PBXFileReference section */

/* Begin PBXFrameworksBuildPhase section */
		A10000000000000000000020 /* Frameworks */ = {
			isa = PBXFrameworksBuildPhase;
			buildActionMask = 2147483647;
			files = (
			);
			runOnlyForDeploymentPostprocessing = 0;
		};
/* End PBXFrameworksBuildPhase section */

/* Begin PBXGroup section */
		A10000000000000000000030 = {
			isa = PBXGroup;
			children = (
				A10000000000000000000031 /* WhatsAppTranslator */,
				A10000000000000000000032 /* Products */,
			);
			sourceTree = "<group>";
		};
		A10000000000000000000031 /* WhatsAppTranslator */ = {
			isa = PBXGroup;
			children = (
				A10000000000000000000011 /* WhatsAppTranslatorApp.swift */,
				A10000000000000000000012 /* DiagnosticsView.swift */,
				A10000000000000000000013 /* WhatsAppWebProbeView.swift */,
				A10000000000000000000014 /* WhatsAppBridgeSupport.swift */,
				A10000000000000000000016 /* WhatsAppTransportCore.swift */,
				A10000000000000000000017 /* WhatsAppDomain.swift */,
				A10000000000000000000018 /* WhatsAppTransportDomainMapper.swift */,
				A10000000000000000000019 /* WhatsAppWebTransportCore.swift */,
				A1000000000000000000001A /* WhatsAppWebKitBridgeRuntime.swift */,
				A1000000000000000000001C /* SQLitePersistence.swift */,
				A1000000000000000000001D /* SQLiteContextPersistence.swift */,
				A1000000000000000000001B /* WhatsAppBridge.js */,
				A10000000000000000000015 /* TranslationCore.swift */,
				A1000000000000000000001E /* TranslationEngineCore.swift */,
			);
			path = WhatsAppTranslator;
			sourceTree = "<group>";
		};
		A10000000000000000000032 /* Products */ = {
			isa = PBXGroup;
			children = (
				A10000000000000000000010 /* WhatsAppTranslator.app */,
			);
			name = Products;
			sourceTree = "<group>";
		};
/* End PBXGroup section */

/* Begin PBXNativeTarget section */
		A10000000000000000000040 /* WhatsAppTranslator */ = {
			isa = PBXNativeTarget;
			buildConfigurationList = A10000000000000000000061 /* Build configuration list for PBXNativeTarget "WhatsAppTranslator" */;
			buildPhases = (
				A10000000000000000000021 /* Sources */,
				A10000000000000000000020 /* Frameworks */,
				A10000000000000000000022 /* Resources */,
			);
			buildRules = (
			);
			dependencies = (
			);
			name = WhatsAppTranslator;
			productName = WhatsAppTranslator;
			productReference = A10000000000000000000010 /* WhatsAppTranslator.app */;
			productType = "com.apple.product-type.application";
		};
/* End PBXNativeTarget section */

/* Begin PBXProject section */
		A10000000000000000000050 /* Project object */ = {
			isa = PBXProject;
			attributes = {
				BuildIndependentTargetsInParallel = 1;
				LastSwiftUpdateCheck = 2700;
				LastUpgradeCheck = 2700;
				TargetAttributes = {
					A10000000000000000000040 = {
						CreatedOnToolsVersion = 27.0;
					};
				};
			};
			buildConfigurationList = A10000000000000000000060 /* Build configuration list for PBXProject "WhatsAppTranslator" */;
			compatibilityVersion = "Xcode 14.0";
			developmentRegion = en;
			hasScannedForEncodings = 0;
			knownRegions = (
				en,
				Base,
			);
			mainGroup = A10000000000000000000030;
			productRefGroup = A10000000000000000000032 /* Products */;
			projectDirPath = "";
			projectRoot = "";
			targets = (
				A10000000000000000000040 /* WhatsAppTranslator */,
			);
		};
/* End PBXProject section */

/* Begin PBXResourcesBuildPhase section */
		A10000000000000000000022 /* Resources */ = {
			isa = PBXResourcesBuildPhase;
			buildActionMask = 2147483647;
			files = (
				A1000000000000000000000B /* WhatsAppBridge.js in Resources */,
			);
			runOnlyForDeploymentPostprocessing = 0;
		};
/* End PBXResourcesBuildPhase section */

/* Begin PBXSourcesBuildPhase section */
		A10000000000000000000021 /* Sources */ = {
			isa = PBXSourcesBuildPhase;
			buildActionMask = 2147483647;
			files = (
				A10000000000000000000001 /* WhatsAppTranslatorApp.swift in Sources */,
				A10000000000000000000002 /* DiagnosticsView.swift in Sources */,
				A10000000000000000000003 /* WhatsAppWebProbeView.swift in Sources */,
				A10000000000000000000004 /* WhatsAppBridgeSupport.swift in Sources */,
				A10000000000000000000005 /* TranslationCore.swift in Sources */,
				A1000000000000000000000E /* TranslationEngineCore.swift in Sources */,
				A10000000000000000000006 /* WhatsAppTransportCore.swift in Sources */,
				A10000000000000000000007 /* WhatsAppDomain.swift in Sources */,
				A10000000000000000000008 /* WhatsAppTransportDomainMapper.swift in Sources */,
				A10000000000000000000009 /* WhatsAppWebTransportCore.swift in Sources */,
				A1000000000000000000000A /* WhatsAppWebKitBridgeRuntime.swift in Sources */,
				A1000000000000000000000C /* SQLitePersistence.swift in Sources */,
				A1000000000000000000000D /* SQLiteContextPersistence.swift in Sources */,
			);
			runOnlyForDeploymentPostprocessing = 0;
		};
/* End PBXSourcesBuildPhase section */

/* Begin XCBuildConfiguration section */
		A10000000000000000000070 /* Debug */ = {
			isa = XCBuildConfiguration;
			buildSettings = {
				ALWAYS_SEARCH_USER_PATHS = NO;
				CLANG_ENABLE_MODULES = YES;
				CLANG_ENABLE_OBJC_ARC = YES;
				COPY_PHASE_STRIP = NO;
				DEBUG_INFORMATION_FORMAT = dwarf;
				ENABLE_TESTABILITY = YES;
				GCC_C_LANGUAGE_STANDARD = gnu17;
				GCC_OPTIMIZATION_LEVEL = 0;
				IPHONEOS_DEPLOYMENT_TARGET = 26.0;
				ONLY_ACTIVE_ARCH = YES;
				SDKROOT = iphoneos;
				SWIFT_ACTIVE_COMPILATION_CONDITIONS = "DEBUG $(inherited)";
				SWIFT_OPTIMIZATION_LEVEL = "-Onone";
			};
			name = Debug;
		};
		A10000000000000000000071 /* Release */ = {
			isa = XCBuildConfiguration;
			buildSettings = {
				ALWAYS_SEARCH_USER_PATHS = NO;
				CLANG_ENABLE_MODULES = YES;
				CLANG_ENABLE_OBJC_ARC = YES;
				COPY_PHASE_STRIP = NO;
				DEBUG_INFORMATION_FORMAT = "dwarf-with-dsym";
				ENABLE_NS_ASSERTIONS = NO;
				GCC_C_LANGUAGE_STANDARD = gnu17;
				IPHONEOS_DEPLOYMENT_TARGET = 26.0;
				SDKROOT = iphoneos;
				SWIFT_COMPILATION_MODE = wholemodule;
			};
			name = Release;
		};
		A10000000000000000000072 /* Debug */ = {
			isa = XCBuildConfiguration;
			buildSettings = {
				CODE_SIGN_STYLE = Automatic;
				CURRENT_PROJECT_VERSION = 1;
				DEVELOPMENT_TEAM = "";
				GENERATE_INFOPLIST_FILE = YES;
				INFOPLIST_KEY_CFBundleDisplayName = "WhatsApp Translator";
				INFOPLIST_KEY_LSApplicationCategoryType = "public.app-category.utilities";
				IPHONEOS_DEPLOYMENT_TARGET = 26.0;
				MARKETING_VERSION = 0.1.0;
				PRODUCT_BUNDLE_IDENTIFIER = com.mmatlacz.WhatsAppTranslator;
				PRODUCT_NAME = "$(TARGET_NAME)";
				SUPPORTED_PLATFORMS = "iphoneos iphonesimulator";
				SWIFT_EMIT_LOC_STRINGS = YES;
				SWIFT_STRICT_CONCURRENCY = complete;
				SWIFT_VERSION = 6.0;
				TARGETED_DEVICE_FAMILY = 1;
			};
			name = Debug;
		};
		A10000000000000000000073 /* Release */ = {
			isa = XCBuildConfiguration;
			buildSettings = {
				CODE_SIGN_STYLE = Automatic;
				CURRENT_PROJECT_VERSION = 1;
				DEVELOPMENT_TEAM = "";
				GENERATE_INFOPLIST_FILE = YES;
				INFOPLIST_KEY_CFBundleDisplayName = "WhatsApp Translator";
				INFOPLIST_KEY_LSApplicationCategoryType = "public.app-category.utilities";
				IPHONEOS_DEPLOYMENT_TARGET = 26.0;
				MARKETING_VERSION = 0.1.0;
				PRODUCT_BUNDLE_IDENTIFIER = com.mmatlacz.WhatsAppTranslator;
				PRODUCT_NAME = "$(TARGET_NAME)";
				SUPPORTED_PLATFORMS = "iphoneos iphonesimulator";
				SWIFT_EMIT_LOC_STRINGS = YES;
				SWIFT_STRICT_CONCURRENCY = complete;
				SWIFT_VERSION = 6.0;
				TARGETED_DEVICE_FAMILY = 1;
			};
			name = Release;
		};
/* End XCBuildConfiguration section */

/* Begin XCConfigurationList section */
		A10000000000000000000060 /* Build configuration list for PBXProject "WhatsAppTranslator" */ = {
			isa = XCConfigurationList;
			buildConfigurations = (
				A10000000000000000000070 /* Debug */,
				A10000000000000000000071 /* Release */,
			);
			defaultConfigurationIsVisible = 0;
			defaultConfigurationName = Release;
		};
		A10000000000000000000061 /* Build configuration list for PBXNativeTarget "WhatsAppTranslator" */ = {
			isa = XCConfigurationList;
			buildConfigurations = (
				A10000000000000000000072 /* Debug */,
				A10000000000000000000073 /* Release */,
			);
			defaultConfigurationIsVisible = 0;
			defaultConfigurationName = Release;
		};
/* End XCConfigurationList section */
	};
	rootObject = A10000000000000000000050 /* Project object */;
}
